
Microsoft Visual Studio Solution File, Format Version 12.00
# Visual Studio 2012
Project("{FAE04EC0-301F-11D3-BF4B-00C04F79EFBC}") = "MJPEGPlayer", "MJPEGPlayer\MJPEGPlayer.csproj", "{D055E584-FD68-403C-BEFC-C3B65BEAEEDA}"
EndProject
Global
	GlobalSection(SolutionConfigurationPlatforms) = preSolution
		Debug|Any CPU = Debug|Any CPU
		Release|Any CPU = Release|Any CPU
	EndGlobalSection
	GlobalSection(ProjectConfigurationPlatforms) = postSolution
		{D055E584-FD68-403C-BEFC-C3B65BEAEEDA}.Debug|Any CPU.ActiveCfg = Debug|Any CPU
		{D055E584-FD68-403C-BEFC-C3B65BEAEEDA}.Debug|Any CPU.Build.0 = Debug|Any CPU
		{D055E584-FD68-403C-BEFC-C3B65BEAEEDA}.Release|Any CPU.ActiveCfg = Release|Any CPU
		{D055E584-FD68-403C-BEFC-C3B65BEAEEDA}.Release|Any CPU.Build.0 = Release|Any CPU
	EndGlobalSection
	GlobalSection(SolutionProperties) = preSolution
		HideSolutionNode = FALSE
	EndGlobalSection
EndGlobal
