
Microsoft Visual Studio Solution File, Format Version 12.00
# Visual Studio 14
VisualStudioVersion = 14.0.25420.1
MinimumVisualStudioVersion = 10.0.40219.1
Project("{FAE04EC0-301F-11D3-BF4B-00C04F79EFBC}") = "MJPEGPlayer", "MJPEGPlayer\MJPEGPlayer.csproj", "{D055E584-FD68-403C-BEFC-C3B65BEAEEDA}"
EndProject
Project("{2150E333-8FDC-42A3-9474-1A3956D46DE8}") = "Solution Items", "Solution Items", "{ED812BE1-C6B6-424F-B3A8-DF041EAF0E87}"
	ProjectSection(SolutionItems) = preProject
		LICENSE = LICENSE
		README.md = README.md
	EndProjectSection
EndProject
Global
	GlobalSection(SolutionConfigurationPlatforms) = preSolution
		Debug|Any CPU = Debug|Any CPU
		Release|Any CPU = Release|Any CPU
	EndGlobalSection
	GlobalSection(ProjectConfigurationPlatforms) = postSolution
		{D055E584-FD68-403C-BEFC-C3B65BEAEEDA}.Debug|Any CPU.ActiveCfg = Debug|Any CPU
		{D055E584-FD68-403C-BEFC-C3B65BEAEEDA}.Debug|Any CPU.Build.0 = Debug|Any CPU
		{D055E584-FD68-403C-BEFC-C3B65BEAEEDA}.Release|Any CPU.ActiveCfg = Release|Any CPU
		{D055E584-FD68-403C-BEFC-C3B65BEAEEDA}.Release|Any CPU.Build.0 = Release|Any CPU
	EndGlobalSection
	GlobalSection(SolutionProperties) = preSolution
		HideSolutionNode = FALSE
	EndGlobalSection
EndGlobal
